
Microsoft Visual Studio Solution File, Format Version 12.00
# Visual Studio 14
VisualStudioVersion = 14.0.23107.0
MinimumVisualStudioVersion = 10.0.40219.1
Project("{F184B08F-C81C-45F6-A57F-5ABD9991F28F}") = "stud_info", "stud_info\stud_info.vbproj", "{14DB0FDE-5E8D-4773-80D4-067E99BA53DB}"
EndProject
Global
	GlobalSection(SolutionConfigurationPlatforms) = preSolution
		Debug|Any CPU = Debug|Any CPU
		Release|Any CPU = Release|Any CPU
	EndGlobalSection
	GlobalSection(ProjectConfigurationPlatforms) = postSolution
		{14DB0FDE-5E8D-4773-80D4-067E99BA53DB}.Debug|Any CPU.ActiveCfg = Debug|Any CPU
		{14DB0FDE-5E8D-4773-80D4-067E99BA53DB}.Debug|Any CPU.Build.0 = Debug|Any CPU
		{14DB0FDE-5E8D-4773-80D4-067E99BA53DB}.Release|Any CPU.ActiveCfg = Release|Any CPU
		{14DB0FDE-5E8D-4773-80D4-067E99BA53DB}.Release|Any CPU.Build.0 = Release|Any CPU
	EndGlobalSection
	GlobalSection(SolutionProperties) = preSolution
		HideSolutionNode = FALSE
	EndGlobalSection
EndGlobal
